
Microsoft Visual Studio Solution File, Format Version 12.00
# Visual Studio 2013
VisualStudioVersion = 12.0.21005.1
MinimumVisualStudioVersion = 10.0.40219.1
Project("{FAE04EC0-301F-11D3-BF4B-00C04F79EFBC}") = "GH_CPython", "GH_CPython\GH_CPython.csproj", "{C28572FA-7CEF-4C93-8023-03C73B98BAC6}"
EndProject
Global
	GlobalSection(SolutionConfigurationPlatforms) = preSolution
		Debug64|Any CPU = Debug64|Any CPU
		Debug64|x86 = Debug64|x86
		Release|Any CPU = Release|Any CPU
		Release|x86 = Release|x86
	EndGlobalSection
	GlobalSection(ProjectConfigurationPlatforms) = postSolution
		{C28572FA-7CEF-4C93-8023-03C73B98BAC6}.Debug64|Any CPU.ActiveCfg = Debug64|Any CPU
		{C28572FA-7CEF-4C93-8023-03C73B98BAC6}.Debug64|Any CPU.Build.0 = Debug64|Any CPU
		{C28572FA-7CEF-4C93-8023-03C73B98BAC6}.Debug64|x86.ActiveCfg = Debug64|x86
		{C28572FA-7CEF-4C93-8023-03C73B98BAC6}.Debug64|x86.Build.0 = Debug64|x86
		{C28572FA-7CEF-4C93-8023-03C73B98BAC6}.Release|Any CPU.ActiveCfg = Release|Any CPU
		{C28572FA-7CEF-4C93-8023-03C73B98BAC6}.Release|Any CPU.Build.0 = Release|Any CPU
		{C28572FA-7CEF-4C93-8023-03C73B98BAC6}.Release|x86.ActiveCfg = Release|x86
		{C28572FA-7CEF-4C93-8023-03C73B98BAC6}.Release|x86.Build.0 = Release|x86
	EndGlobalSection
	GlobalSection(SolutionProperties) = preSolution
		HideSolutionNode = FALSE
	EndGlobalSection
EndGlobal
